PODS:
  - Flutter (1.0.0)
  - gesture_plugin (0.0.1):
    - Flutter

DEPENDENCIES:
  - Flutter (from `.symlinks/flutter/ios`)
  - gesture_plugin (from `.symlinks/plugins/gesture_plugin/ios`)

EXTERNAL SOURCES:
  Flutter:
    :path: ".symlinks/flutter/ios"
  gesture_plugin:
    :path: ".symlinks/plugins/gesture_plugin/ios"

SPEC CHECKSUMS:
  Flutter: 58dd7d1b27887414a370fcccb9e645c08ffd7a6a
  gesture_plugin: 9f2a0148d0bb87a0cb3cc6ce669e71b3279ae93e

PODFILE CHECKSUM: aff02bfeed411c636180d6812254b2daeea14d09

COCOAPODS: 1.6.1
